
Microsoft Visual Studio Solution File, Format Version 12.00
# Visual Studio Version 17
VisualStudioVersion = 17.9.34701.34
MinimumVisualStudioVersion = 10.0.40219.1
Project("{FAE04EC0-301F-11D3-BF4B-00C04F79EFBC}") = "lab2_gui_client", "lab2_gui_client\lab2_gui_client.csproj", "{D62E2214-2D93-4199-A601-70104797ABB0}"
EndProject
Global
	GlobalSection(SolutionConfigurationPlatforms) = preSolution
		Debug|Any CPU = Debug|Any CPU
		Release|Any CPU = Release|Any CPU
	EndGlobalSection
	GlobalSection(ProjectConfigurationPlatforms) = postSolution
		{D62E2214-2D93-4199-A601-70104797ABB0}.Debug|Any CPU.ActiveCfg = Debug|Any CPU
		{D62E2214-2D93-4199-A601-70104797ABB0}.Debug|Any CPU.Build.0 = Debug|Any CPU
		{D62E2214-2D93-4199-A601-70104797ABB0}.Release|Any CPU.ActiveCfg = Release|Any CPU
		{D62E2214-2D93-4199-A601-70104797ABB0}.Release|Any CPU.Build.0 = Release|Any CPU
	EndGlobalSection
	GlobalSection(SolutionProperties) = preSolution
		HideSolutionNode = FALSE
	EndGlobalSection
	GlobalSection(ExtensibilityGlobals) = postSolution
		SolutionGuid = {DE849DEB-9C7D-474F-B35C-ADC12EF615CB}
	EndGlobalSection
EndGlobal
