
Microsoft Visual Studio Solution File, Format Version 12.00
# Visual Studio Version 17
VisualStudioVersion = 17.9.34701.34
MinimumVisualStudioVersion = 10.0.40219.1
Project("{FAE04EC0-301F-11D3-BF4B-00C04F79EFBC}") = "lab2_server", "lab2_server\lab2_server.csproj", "{29830F8F-6323-4161-93F0-F11EC4596005}"
EndProject
Global
	GlobalSection(SolutionConfigurationPlatforms) = preSolution
		Debug|Any CPU = Debug|Any CPU
		Release|Any CPU = Release|Any CPU
	EndGlobalSection
	GlobalSection(ProjectConfigurationPlatforms) = postSolution
		{29830F8F-6323-4161-93F0-F11EC4596005}.Debug|Any CPU.ActiveCfg = Debug|Any CPU
		{29830F8F-6323-4161-93F0-F11EC4596005}.Debug|Any CPU.Build.0 = Debug|Any CPU
		{29830F8F-6323-4161-93F0-F11EC4596005}.Release|Any CPU.ActiveCfg = Release|Any CPU
		{29830F8F-6323-4161-93F0-F11EC4596005}.Release|Any CPU.Build.0 = Release|Any CPU
	EndGlobalSection
	GlobalSection(SolutionProperties) = preSolution
		HideSolutionNode = FALSE
	EndGlobalSection
	GlobalSection(ExtensibilityGlobals) = postSolution
		SolutionGuid = {F41AFCF8-8480-44B0-BA0B-42AA9D258863}
	EndGlobalSection
EndGlobal
